
Microsoft Visual Studio Solution File, Format Version 9.00
# Visual C++ Express 2005
Project("{8BC9CEB8-8B4A-11D0-8D11-00A0C91BC942}") = "BPQTerminal", "BPQTerminal.vcproj", "{04F2B9AD-4369-49EA-82EC-3C701C97C6D8}"
EndProject
Global
	GlobalSection(SolutionConfigurationPlatforms) = preSolution
		Debug|Win32 = Debug|Win32
		Relase Static|Win32 = Relase Static|Win32
		Release|Win32 = Release|Win32
	EndGlobalSection
	GlobalSection(ProjectConfigurationPlatforms) = postSolution
		{04F2B9AD-4369-49EA-82EC-3C701C97C6D8}.Debug|Win32.ActiveCfg = Debug|Win32
		{04F2B9AD-4369-49EA-82EC-3C701C97C6D8}.Debug|Win32.Build.0 = Debug|Win32
		{04F2B9AD-4369-49EA-82EC-3C701C97C6D8}.Relase Static|Win32.ActiveCfg = Relase Static|Win32
		{04F2B9AD-4369-49EA-82EC-3C701C97C6D8}.Relase Static|Win32.Build.0 = Relase Static|Win32
		{04F2B9AD-4369-49EA-82EC-3C701C97C6D8}.Release|Win32.ActiveCfg = Release|Win32
		{04F2B9AD-4369-49EA-82EC-3C701C97C6D8}.Release|Win32.Build.0 = Release|Win32
	EndGlobalSection
	GlobalSection(SolutionProperties) = preSolution
		HideSolutionNode = FALSE
	EndGlobalSection
EndGlobal
