
Microsoft Visual Studio Solution File, Format Version 9.00
# Visual C++ Express 2005
Project("{8BC9CEB8-8B4A-11D0-8D11-00A0C91BC942}") = "98VCOMM", "98VCOMM.vcproj", "{9A10B1EF-99F5-4DAB-B90F-36D710ADA630}"
EndProject
Global
	GlobalSection(SolutionConfigurationPlatforms) = preSolution
		Debug|Win32 = Debug|Win32
		Release|Win32 = Release|Win32
	EndGlobalSection
	GlobalSection(ProjectConfigurationPlatforms) = postSolution
		{9A10B1EF-99F5-4DAB-B90F-36D710ADA630}.Debug|Win32.ActiveCfg = Debug|Win32
		{9A10B1EF-99F5-4DAB-B90F-36D710ADA630}.Debug|Win32.Build.0 = Debug|Win32
		{9A10B1EF-99F5-4DAB-B90F-36D710ADA630}.Release|Win32.ActiveCfg = Release|Win32
		{9A10B1EF-99F5-4DAB-B90F-36D710ADA630}.Release|Win32.Build.0 = Release|Win32
	EndGlobalSection
	GlobalSection(SolutionProperties) = preSolution
		HideSolutionNode = FALSE
	EndGlobalSection
EndGlobal
