
Microsoft Visual Studio Solution File, Format Version 9.00
# Visual C++ Express 2005
Project("{8BC9CEB8-8B4A-11D0-8D11-00A0C91BC942}") = "Soundmodem", "Soundmodem.vcproj", "{B20FEABD-5F6C-49CE-AA00-8BAFE97F1DBD}"
EndProject
Global
	GlobalSection(SolutionConfigurationPlatforms) = preSolution
		Debug|Win32 = Debug|Win32
		Release|Win32 = Release|Win32
	EndGlobalSection
	GlobalSection(ProjectConfigurationPlatforms) = postSolution
		{B20FEABD-5F6C-49CE-AA00-8BAFE97F1DBD}.Debug|Win32.ActiveCfg = Debug|Win32
		{B20FEABD-5F6C-49CE-AA00-8BAFE97F1DBD}.Debug|Win32.Build.0 = Debug|Win32
		{B20FEABD-5F6C-49CE-AA00-8BAFE97F1DBD}.Release|Win32.ActiveCfg = Release|Win32
		{B20FEABD-5F6C-49CE-AA00-8BAFE97F1DBD}.Release|Win32.Build.0 = Release|Win32
	EndGlobalSection
	GlobalSection(SolutionProperties) = preSolution
		HideSolutionNode = FALSE
	EndGlobalSection
EndGlobal
