
Microsoft Visual Studio Solution File, Format Version 9.00
# Visual C++ Express 2005
Project("{8BC9CEB8-8B4A-11D0-8D11-00A0C91BC942}") = "BPQCtrl", "BPQCtrl.vcproj", "{DDEB598F-48D0-42BC-825C-339658202425}"
EndProject
Global
	GlobalSection(SolutionConfigurationPlatforms) = preSolution
		Debug|Win32 = Debug|Win32
		Release|Win32 = Release|Win32
		Unicode Debug|Win32 = Unicode Debug|Win32
		Unicode Release|Win32 = Unicode Release|Win32
	EndGlobalSection
	GlobalSection(ProjectConfigurationPlatforms) = postSolution
		{DDEB598F-48D0-42BC-825C-339658202425}.Debug|Win32.ActiveCfg = Debug|Win32
		{DDEB598F-48D0-42BC-825C-339658202425}.Debug|Win32.Build.0 = Debug|Win32
		{DDEB598F-48D0-42BC-825C-339658202425}.Release|Win32.ActiveCfg = Release|Win32
		{DDEB598F-48D0-42BC-825C-339658202425}.Release|Win32.Build.0 = Release|Win32
		{DDEB598F-48D0-42BC-825C-339658202425}.Unicode Debug|Win32.ActiveCfg = Unicode Debug|Win32
		{DDEB598F-48D0-42BC-825C-339658202425}.Unicode Debug|Win32.Build.0 = Unicode Debug|Win32
		{DDEB598F-48D0-42BC-825C-339658202425}.Unicode Release|Win32.ActiveCfg = Unicode Release|Win32
		{DDEB598F-48D0-42BC-825C-339658202425}.Unicode Release|Win32.Build.0 = Unicode Release|Win32
	EndGlobalSection
	GlobalSection(SolutionProperties) = preSolution
		HideSolutionNode = FALSE
	EndGlobalSection
EndGlobal
